// !$*UTF8*$!
{
	archiveVersion = 1;
	classes = {
	};
	objectVersion = 55;
	objects = {

/* Begin PBXBuildFile section */
		0152C57173B5A7117F4F15D8 /* Pods_AccelerometerTests.framework in Frameworks */ = {isa = PBXBuildFile; fileRef = 58D1941BEB77F79AC9EA829F /* Pods_AccelerometerTests.framework */; };
		0B05EB5E2A9A1523005497F6 /* MagnitudeAxes.swift in Sources */ = {isa = PBXBuildFile; fileRef = 0B05EB5D2A9A1523005497F6 /* MagnitudeAxes.swift */; };
		0B05EB602A9A1CFB005497F6 /* TriangleAxes.swift in Sources */ = {isa = PBXBuildFile; fileRef = 0B05EB5F2A9A1CFB005497F6 /* TriangleAxes.swift */; };
		0B1845512E7DA059004F5474 /* RecordingProcessor.swift in Sources */ = {isa = PBXBuildFile; fileRef = 0B1845502E7DA052004F5474 /* RecordingProcessor.swift */; };
		0B1845542E7DCB90004F5474 /* MemoryMonitor.swift in Sources */ = {isa = PBXBuildFile; fileRef = 0B1845532E7DCB90004F5474 /* MemoryMonitor.swift */; };
		0B1E6D2328724B2B003B8C5B /* Collection.swift in Sources */ = {isa = PBXBuildFile; fileRef = 0B1E6D2228724B2B003B8C5B /* Collection.swift */; };
		0B24EC0828621BBE00AD3EF1 /* AccelerometerApp.swift in Sources */ = {isa = PBXBuildFile; fileRef = 0B24EC0728621BBE00AD3EF1 /* AccelerometerApp.swift */; };
		0B24EC0A28621BBE00AD3EF1 /* ContentView.swift in Sources */ = {isa = PBXBuildFile; fileRef = 0B24EC0928621BBE00AD3EF1 /* ContentView.swift */; };
		0B24EC0C28621BC200AD3EF1 /* Assets.xcassets in Resources */ = {isa = PBXBuildFile; fileRef = 0B24EC0B28621BC200AD3EF1 /* Assets.xcassets */; };
		0B24EC0F28621BC200AD3EF1 /* Preview Assets.xcassets in Resources */ = {isa = PBXBuildFile; fileRef = 0B24EC0E28621BC200AD3EF1 /* Preview Assets.xcassets */; };
		0B24EC3228621BE000AD3EF1 /* Measurer.swift in Sources */ = {isa = PBXBuildFile; fileRef = 0B24EC3128621BE000AD3EF1 /* Measurer.swift */; };
		0B24EC3428621E1C00AD3EF1 /* AppDelegate.swift in Sources */ = {isa = PBXBuildFile; fileRef = 0B24EC3328621E1C00AD3EF1 /* AppDelegate.swift */; };
		0B24EC36286227A100AD3EF1 /* AxesTableView.swift in Sources */ = {isa = PBXBuildFile; fileRef = 0B24EC35286227A100AD3EF1 /* AxesTableView.swift */; };
		0B24EC3828622AB700AD3EF1 /* MeasurementsView.swift in Sources */ = {isa = PBXBuildFile; fileRef = 0B24EC3728622AB700AD3EF1 /* MeasurementsView.swift */; };
		0B24EC3A28622B7100AD3EF1 /* SettingsView.swift in Sources */ = {isa = PBXBuildFile; fileRef = 0B24EC3928622B7100AD3EF1 /* SettingsView.swift */; };
		0B24EC3E286232A900AD3EF1 /* RefreshRateView.swift in Sources */ = {isa = PBXBuildFile; fileRef = 0B24EC3D286232A900AD3EF1 /* RefreshRateView.swift */; };
		0B24EC4128623C1B00AD3EF1 /* Double.swift in Sources */ = {isa = PBXBuildFile; fileRef = 0B24EC4028623C1B00AD3EF1 /* Double.swift */; };
		0B24EC45286247AD00AD3EF1 /* String.swift in Sources */ = {isa = PBXBuildFile; fileRef = 0B24EC44286247AD00AD3EF1 /* String.swift */; };
		0B24EC472862496C00AD3EF1 /* LevelView.swift in Sources */ = {isa = PBXBuildFile; fileRef = 0B24EC462862496C00AD3EF1 /* LevelView.swift */; };
		0B24EC4C2862690800AD3EF1 /* HeaderView.swift in Sources */ = {isa = PBXBuildFile; fileRef = 0B24EC4B2862690800AD3EF1 /* HeaderView.swift */; };
		0B24EC4E2862898F00AD3EF1 /* View.swift in Sources */ = {isa = PBXBuildFile; fileRef = 0B24EC4D2862898F00AD3EF1 /* View.swift */; };
		0B24EC5028628B9900AD3EF1 /* Color.swift in Sources */ = {isa = PBXBuildFile; fileRef = 0B24EC4F28628B9900AD3EF1 /* Color.swift */; };
		0B24EC562863464900AD3EF1 /* MeasurementSummaryView.swift in Sources */ = {isa = PBXBuildFile; fileRef = 0B24EC552863464900AD3EF1 /* MeasurementSummaryView.swift */; };
		0B24EC582863527800AD3EF1 /* DiagramView.swift in Sources */ = {isa = PBXBuildFile; fileRef = 0B24EC572863527800AD3EF1 /* DiagramView.swift */; };
		0B34710D288C5491004E87FA /* AxesSummaryView.swift in Sources */ = {isa = PBXBuildFile; fileRef = 0B34710C288C5491004E87FA /* AxesSummaryView.swift */; };
		0B36DFCA289A9E85007130D9 /* Settings.swift in Sources */ = {isa = PBXBuildFile; fileRef = 0B36DFC9289A9E85007130D9 /* Settings.swift */; };
		0B36DFCC289AA096007130D9 /* ExportDateFormatView.swift in Sources */ = {isa = PBXBuildFile; fileRef = 0B36DFCB289AA096007130D9 /* ExportDateFormatView.swift */; };
		0B38C323288DC56D00A4541A /* AxesSummaryViewExtended.swift in Sources */ = {isa = PBXBuildFile; fileRef = 0B38C322288DC56D00A4541A /* AxesSummaryViewExtended.swift */; };
		0B45FF962D8EC361009F5CDF /* RecordingSmallChartView.swift in Sources */ = {isa = PBXBuildFile; fileRef = 0B45FF952D8EC357009F5CDF /* RecordingSmallChartView.swift */; };
		0B4BE8532D74BB420065D938 /* AnimationsView.swift in Sources */ = {isa = PBXBuildFile; fileRef = 0B4BE8522D74BB2F0065D938 /* AnimationsView.swift */; };
		0B4CC363287C30FF000F0C94 /* DiagramAxesNamesStyle.swift in Sources */ = {isa = PBXBuildFile; fileRef = 0B4CC362287C30FF000F0C94 /* DiagramAxesNamesStyle.swift */; };
		0B4CC365287C31AB000F0C94 /* DiagramViewStyle.swift in Sources */ = {isa = PBXBuildFile; fileRef = 0B4CC364287C31AB000F0C94 /* DiagramViewStyle.swift */; };
		0B508CD6289C3E4A00326C6E /* DatabaseManager.swift in Sources */ = {isa = PBXBuildFile; fileRef = 0B508CD5289C3E4A00326C6E /* DatabaseManager.swift */; };
		0B508CD8289C413700326C6E /* RecordingRealm.swift in Sources */ = {isa = PBXBuildFile; fileRef = 0B508CD7289C413700326C6E /* RecordingRealm.swift */; };
		0B508CDB289C7F0200326C6E /* RecordingsRepository.swift in Sources */ = {isa = PBXBuildFile; fileRef = 0B508CDA289C7F0200326C6E /* RecordingsRepository.swift */; };
		0B548E1A2876ED5000EDCDA8 /* MeasurementPreview.swift in Sources */ = {isa = PBXBuildFile; fileRef = 0B548E192876ED5000EDCDA8 /* MeasurementPreview.swift */; };
		0B6DD8CF2B816BED0076D93A /* ChartEntry.swift in Sources */ = {isa = PBXBuildFile; fileRef = 0B6DD8CE2B816BED0076D93A /* ChartEntry.swift */; };
		0B7A81602E816FE900399013 /* AlwaysNotEnoughMemoryView.swift in Sources */ = {isa = PBXBuildFile; fileRef = 0B7A815F2E816FE900399013 /* AlwaysNotEnoughMemoryView.swift */; };
		0B801286286DA9C000F4AA85 /* AnimatableArray.swift in Sources */ = {isa = PBXBuildFile; fileRef = 0B801285286DA9C000F4AA85 /* AnimatableArray.swift */; };
		0B8C3B2A2A99F9FF00488B1E /* Axis.swift in Sources */ = {isa = PBXBuildFile; fileRef = 0B8C3B292A99F9FF00488B1E /* Axis.swift */; };
		0B8C3B2C2A99FC9600488B1E /* Axes.swift in Sources */ = {isa = PBXBuildFile; fileRef = 0B8C3B2B2A99FC9600488B1E /* Axes.swift */; };
		0B96B73F2E8A91510007E730 /* DequeModule in Frameworks */ = {isa = PBXBuildFile; productRef = 0B96B73E2E8A91510007E730 /* DequeModule */; };
		0B96B7432E8AD39C0007E730 /* RecordingBigChartView.swift in Sources */ = {isa = PBXBuildFile; fileRef = 0B96B7422E8AD39B0007E730 /* RecordingBigChartView.swift */; };
		0B96B7452E8AD3D20007E730 /* RecordingChartContainerView.swift in Sources */ = {isa = PBXBuildFile; fileRef = 0B96B7442E8AD3D10007E730 /* RecordingChartContainerView.swift */; };
		0B96B7472E8AD49F0007E730 /* RecordingChartContent.swift in Sources */ = {isa = PBXBuildFile; fileRef = 0B96B7462E8AD49E0007E730 /* RecordingChartContent.swift */; };
		0B9BDC132899A6F900842161 /* Array.swift in Sources */ = {isa = PBXBuildFile; fileRef = 0B9BDC122899A6F900842161 /* Array.swift */; };
		0B9FB1532E8F365B00D70505 /* PreviewUtils.swift in Sources */ = {isa = PBXBuildFile; fileRef = 0B9FB1522E8F365B00D70505 /* PreviewUtils.swift */; };
		0B9FB1552E8F52CA00D70505 /* DebugSamplesView.swift in Sources */ = {isa = PBXBuildFile; fileRef = 0B9FB1542E8F52CA00D70505 /* DebugSamplesView.swift */; };
		0B9FB1572E8F653300D70505 /* ExportModifier.swift in Sources */ = {isa = PBXBuildFile; fileRef = 0B9FB1562E8F653300D70505 /* ExportModifier.swift */; };
		0BA5B7BC2AD319AC004F1808 /* AttitudeAxesSummaryView.swift in Sources */ = {isa = PBXBuildFile; fileRef = 0BA5B7BB2AD319AC004F1808 /* AttitudeAxesSummaryView.swift */; };
		0BA619CF2AADC9E7005DABD3 /* ObservableAxesTests.swift in Sources */ = {isa = PBXBuildFile; fileRef = 0BA619CE2AADC9E7005DABD3 /* ObservableAxesTests.swift */; };
		0BA63B6C289598B40040B63D /* NewRecordingView.swift in Sources */ = {isa = PBXBuildFile; fileRef = 0BA63B6B289598B40040B63D /* NewRecordingView.swift */; };
		0BA63B6E2897EDD80040B63D /* DateFormatter.swift in Sources */ = {isa = PBXBuildFile; fileRef = 0BA63B6D2897EDD80040B63D /* DateFormatter.swift */; };
		0BA63B702897EFED0040B63D /* Date.swift in Sources */ = {isa = PBXBuildFile; fileRef = 0BA63B6F2897EFED0040B63D /* Date.swift */; };
		0BA63B722897FBCE0040B63D /* RecordingPreview.swift in Sources */ = {isa = PBXBuildFile; fileRef = 0BA63B712897FBCE0040B63D /* RecordingPreview.swift */; };
		0BADCA5D2899ED5C00238A25 /* TextFile.swift in Sources */ = {isa = PBXBuildFile; fileRef = 0BADCA5C2899ED5C00238A25 /* TextFile.swift */; };
		0BBAD4AD2895564C00251262 /* RecordingSummaryView.swift in Sources */ = {isa = PBXBuildFile; fileRef = 0BBAD4AC2895564C00251262 /* RecordingSummaryView.swift */; };
		0BBAD4AF2895715400251262 /* CGFloat.swift in Sources */ = {isa = PBXBuildFile; fileRef = 0BBAD4AE2895715400251262 /* CGFloat.swift */; };
		0BBDC4E0288C188400CE6061 /* AxeType.swift in Sources */ = {isa = PBXBuildFile; fileRef = 0BBDC4DF288C188400CE6061 /* AxeType.swift */; };
		0BBF0918289D163300B42740 /* RecordingEntryRealm.swift in Sources */ = {isa = PBXBuildFile; fileRef = 0BBF0917289D163300B42740 /* RecordingEntryRealm.swift */; };
		0BBF54AA2AD1F9CF0095B63F /* MagnitudeAxesSummaryView.swift in Sources */ = {isa = PBXBuildFile; fileRef = 0BBF54A92AD1F9CF0095B63F /* MagnitudeAxesSummaryView.swift */; };
		0BBF54AC2AD1FE690095B63F /* AnyAxesSummaryView.swift in Sources */ = {isa = PBXBuildFile; fileRef = 0BBF54AB2AD1FE690095B63F /* AnyAxesSummaryView.swift */; };
		0BC7C19A2AADF269004ECD9F /* AttitudeAxes.swift in Sources */ = {isa = PBXBuildFile; fileRef = 0BC7C1992AADF269004ECD9F /* AttitudeAxes.swift */; };
		0BCE8EC62864896300A0E3E0 /* TriangleDiagramShape.swift in Sources */ = {isa = PBXBuildFile; fileRef = 0BCE8EC52864896300A0E3E0 /* TriangleDiagramShape.swift */; };
		0BDB67DC2AC9AC6200FA5C09 /* RecordingUtils.swift in Sources */ = {isa = PBXBuildFile; fileRef = 0BDB67DB2AC9AC6200FA5C09 /* RecordingUtils.swift */; };
		0BDBDAEA2B825CAC0045A008 /* BooleanAxes.swift in Sources */ = {isa = PBXBuildFile; fileRef = 0BDBDAE92B825CAC0045A008 /* BooleanAxes.swift */; };
		0BDBDAEC2B825F910045A008 /* Bool.swift in Sources */ = {isa = PBXBuildFile; fileRef = 0BDBDAEB2B825F910045A008 /* Bool.swift */; };
		0BDBDAEE2B8264880045A008 /* BooleanAxesSummaryView.swift in Sources */ = {isa = PBXBuildFile; fileRef = 0BDBDAED2B8264880045A008 /* BooleanAxesSummaryView.swift */; };
		0BDED2D828983A4D00CAEAC3 /* DateComponents.swift in Sources */ = {isa = PBXBuildFile; fileRef = 0BDED2D728983A4D00CAEAC3 /* DateComponents.swift */; };
		0BE138EE2893FFA10026D0DC /* RecordingsView.swift in Sources */ = {isa = PBXBuildFile; fileRef = 0BE138ED2893FFA10026D0DC /* RecordingsView.swift */; };
		0BE138F2289400E70026D0DC /* Recording.swift in Sources */ = {isa = PBXBuildFile; fileRef = 0BE138F1289400E70026D0DC /* Recording.swift */; };
		0BE138F4289401210026D0DC /* MeasurementType.swift in Sources */ = {isa = PBXBuildFile; fileRef = 0BE138F3289401210026D0DC /* MeasurementType.swift */; };
		0BE138F6289409820026D0DC /* Recorder.swift in Sources */ = {isa = PBXBuildFile; fileRef = 0BE138F5289409820026D0DC /* Recorder.swift */; };
		0BF7A0B22AD29D6F005E75CC /* AxesSummaryValueView.swift in Sources */ = {isa = PBXBuildFile; fileRef = 0BF7A0B12AD29D6F005E75CC /* AxesSummaryValueView.swift */; };
		0BFBA1E828737CC300529B50 /* ObservableAxes.swift in Sources */ = {isa = PBXBuildFile; fileRef = 0BFBA1E728737CC300529B50 /* ObservableAxes.swift */; };
		A844F53C6B72222DA87BA782 /* Pods_Accelerometer.framework in Frameworks */ = {isa = PBXBuildFile; fileRef = 8CB40BA633249887FD78581D /* Pods_Accelerometer.framework */; };
		AF6328562287AF3E3894C7A5 /* Pods_Accelerometer_AccelerometerUITests.framework in Frameworks */ = {isa = PBXBuildFile; fileRef = 8F438B6FD5FC69485F45338B /* Pods_Accelerometer_AccelerometerUITests.framework */; };
/* End PBXBuildFile section */

/* Begin PBXContainerItemProxy section */
		0B24EC1528621BC200AD3EF1 /* PBXContainerItemProxy */ = {
			isa = PBXContainerItemProxy;
			containerPortal = 0B24EBFC28621BBE00AD3EF1 /* Project object */;
			proxyType = 1;
			remoteGlobalIDString = 0B24EC0328621BBE00AD3EF1;
			remoteInfo = Accelerometer;
		};
		0B24EC1F28621BC200AD3EF1 /* PBXContainerItemProxy */ = {
			isa = PBXContainerItemProxy;
			containerPortal = 0B24EBFC28621BBE00AD3EF1 /* Project object */;
			proxyType = 1;
			remoteGlobalIDString = 0B24EC0328621BBE00AD3EF1;
			remoteInfo = Accelerometer;
		};
/* End PBXContainerItemProxy section */

/* Begin PBXFileReference section */
		0B05EB5D2A9A1523005497F6 /* MagnitudeAxes.swift */ = {isa = PBXFileReference; lastKnownFileType = sourcecode.swift; path = MagnitudeAxes.swift; sourceTree = "<group>"; };
		0B05EB5F2A9A1CFB005497F6 /* TriangleAxes.swift */ = {isa = PBXFileReference; lastKnownFileType = sourcecode.swift; path = TriangleAxes.swift; sourceTree = "<group>"; };
		0B1845502E7DA052004F5474 /* RecordingProcessor.swift */ = {isa = PBXFileReference; lastKnownFileType = sourcecode.swift; path = RecordingProcessor.swift; sourceTree = "<group>"; };
		0B1845532E7DCB90004F5474 /* MemoryMonitor.swift */ = {isa = PBXFileReference; lastKnownFileType = sourcecode.swift; path = MemoryMonitor.swift; sourceTree = "<group>"; };
		0B1E6D2228724B2B003B8C5B /* Collection.swift */ = {isa = PBXFileReference; lastKnownFileType = sourcecode.swift; path = Collection.swift; sourceTree = "<group>"; };
		0B24EC0428621BBE00AD3EF1 /* Acc.elerometer.app */ = {isa = PBXFileReference; explicitFileType = wrapper.application; includeInIndex = 0; path = Acc.elerometer.app; sourceTree = BUILT_PRODUCTS_DIR; };
		0B24EC0728621BBE00AD3EF1 /* AccelerometerApp.swift */ = {isa = PBXFileReference; lastKnownFileType = sourcecode.swift; path = AccelerometerApp.swift; sourceTree = "<group>"; };
		0B24EC0928621BBE00AD3EF1 /* ContentView.swift */ = {isa = PBXFileReference; lastKnownFileType = sourcecode.swift; path = ContentView.swift; sourceTree = "<group>"; };
		0B24EC0B28621BC200AD3EF1 /* Assets.xcassets */ = {isa = PBXFileReference; lastKnownFileType = folder.assetcatalog; path = Assets.xcassets; sourceTree = "<group>"; };
		0B24EC0E28621BC200AD3EF1 /* Preview Assets.xcassets */ = {isa = PBXFileReference; lastKnownFileType = folder.assetcatalog; path = "Preview Assets.xcassets"; sourceTree = "<group>"; };
		0B24EC1428621BC200AD3EF1 /* AccelerometerTests.xctest */ = {isa = PBXFileReference; explicitFileType = wrapper.cfbundle; includeInIndex = 0; path = AccelerometerTests.xctest; sourceTree = BUILT_PRODUCTS_DIR; };
		0B24EC1E28621BC200AD3EF1 /* AccelerometerUITests.xctest */ = {isa = PBXFileReference; explicitFileType = wrapper.cfbundle; includeInIndex = 0; path = AccelerometerUITests.xctest; sourceTree = BUILT_PRODUCTS_DIR; };
		0B24EC3128621BE000AD3EF1 /* Measurer.swift */ = {isa = PBXFileReference; lastKnownFileType = sourcecode.swift; path = Measurer.swift; sourceTree = "<group>"; };
		0B24EC3328621E1C00AD3EF1 /* AppDelegate.swift */ = {isa = PBXFileReference; lastKnownFileType = sourcecode.swift; path = AppDelegate.swift; sourceTree = "<group>"; };
		0B24EC35286227A100AD3EF1 /* AxesTableView.swift */ = {isa = PBXFileReference; lastKnownFileType = sourcecode.swift; path = AxesTableView.swift; sourceTree = "<group>"; };
		0B24EC3728622AB700AD3EF1 /* MeasurementsView.swift */ = {isa = PBXFileReference; lastKnownFileType = sourcecode.swift; path = MeasurementsView.swift; sourceTree = "<group>"; };
		0B24EC3928622B7100AD3EF1 /* SettingsView.swift */ = {isa = PBXFileReference; lastKnownFileType = sourcecode.swift; path = SettingsView.swift; sourceTree = "<group>"; };
		0B24EC3D286232A900AD3EF1 /* RefreshRateView.swift */ = {isa = PBXFileReference; lastKnownFileType = sourcecode.swift; path = RefreshRateView.swift; sourceTree = "<group>"; };
		0B24EC4028623C1B00AD3EF1 /* Double.swift */ = {isa = PBXFileReference; lastKnownFileType = sourcecode.swift; path = Double.swift; sourceTree = "<group>"; };
		0B24EC44286247AD00AD3EF1 /* String.swift */ = {isa = PBXFileReference; lastKnownFileType = sourcecode.swift; path = String.swift; sourceTree = "<group>"; };
		0B24EC462862496C00AD3EF1 /* LevelView.swift */ = {isa = PBXFileReference; lastKnownFileType = sourcecode.swift; path = LevelView.swift; sourceTree = "<group>"; };
		0B24EC4B2862690800AD3EF1 /* HeaderView.swift */ = {isa = PBXFileReference; lastKnownFileType = sourcecode.swift; path = HeaderView.swift; sourceTree = "<group>"; };
		0B24EC4D2862898F00AD3EF1 /* View.swift */ = {isa = PBXFileReference; lastKnownFileType = sourcecode.swift; path = View.swift; sourceTree = "<group>"; };
		0B24EC4F28628B9900AD3EF1 /* Color.swift */ = {isa = PBXFileReference; lastKnownFileType = sourcecode.swift; path = Color.swift; sourceTree = "<group>"; };
		0B24EC552863464900AD3EF1 /* MeasurementSummaryView.swift */ = {isa = PBXFileReference; lastKnownFileType = sourcecode.swift; path = MeasurementSummaryView.swift; sourceTree = "<group>"; };
		0B24EC572863527800AD3EF1 /* DiagramView.swift */ = {isa = PBXFileReference; lastKnownFileType = sourcecode.swift; path = DiagramView.swift; sourceTree = "<group>"; };
		0B34710C288C5491004E87FA /* AxesSummaryView.swift */ = {isa = PBXFileReference; lastKnownFileType = sourcecode.swift; path = AxesSummaryView.swift; sourceTree = "<group>"; };
		0B36DFC9289A9E85007130D9 /* Settings.swift */ = {isa = PBXFileReference; lastKnownFileType = sourcecode.swift; path = Settings.swift; sourceTree = "<group>"; };
		0B36DFCB289AA096007130D9 /* ExportDateFormatView.swift */ = {isa = PBXFileReference; lastKnownFileType = sourcecode.swift; path = ExportDateFormatView.swift; sourceTree = "<group>"; };
		0B38C322288DC56D00A4541A /* AxesSummaryViewExtended.swift */ = {isa = PBXFileReference; lastKnownFileType = sourcecode.swift; path = AxesSummaryViewExtended.swift; sourceTree = "<group>"; };
		0B45FF952D8EC357009F5CDF /* RecordingSmallChartView.swift */ = {isa = PBXFileReference; lastKnownFileType = sourcecode.swift; path = RecordingSmallChartView.swift; sourceTree = "<group>"; };
		0B4BE8522D74BB2F0065D938 /* AnimationsView.swift */ = {isa = PBXFileReference; lastKnownFileType = sourcecode.swift; path = AnimationsView.swift; sourceTree = "<group>"; };
		0B4CC362287C30FF000F0C94 /* DiagramAxesNamesStyle.swift */ = {isa = PBXFileReference; lastKnownFileType = sourcecode.swift; path = DiagramAxesNamesStyle.swift; sourceTree = "<group>"; };
		0B4CC364287C31AB000F0C94 /* DiagramViewStyle.swift */ = {isa = PBXFileReference; lastKnownFileType = sourcecode.swift; path = DiagramViewStyle.swift; sourceTree = "<group>"; };
		0B508CD5289C3E4A00326C6E /* DatabaseManager.swift */ = {isa = PBXFileReference; lastKnownFileType = sourcecode.swift; path = DatabaseManager.swift; sourceTree = "<group>"; };
		0B508CD7289C413700326C6E /* RecordingRealm.swift */ = {isa = PBXFileReference; lastKnownFileType = sourcecode.swift; path = RecordingRealm.swift; sourceTree = "<group>"; };
		0B508CDA289C7F0200326C6E /* RecordingsRepository.swift */ = {isa = PBXFileReference; lastKnownFileType = sourcecode.swift; path = RecordingsRepository.swift; sourceTree = "<group>"; };
		0B548E192876ED5000EDCDA8 /* MeasurementPreview.swift */ = {isa = PBXFileReference; lastKnownFileType = sourcecode.swift; path = MeasurementPreview.swift; sourceTree = "<group>"; };
		0B6DD8CE2B816BED0076D93A /* ChartEntry.swift */ = {isa = PBXFileReference; lastKnownFileType = sourcecode.swift; path = ChartEntry.swift; sourceTree = "<group>"; };
		0B7A815F2E816FE900399013 /* AlwaysNotEnoughMemoryView.swift */ = {isa = PBXFileReference; lastKnownFileType = sourcecode.swift; path = AlwaysNotEnoughMemoryView.swift; sourceTree = "<group>"; };
		0B801285286DA9C000F4AA85 /* AnimatableArray.swift */ = {isa = PBXFileReference; lastKnownFileType = sourcecode.swift; path = AnimatableArray.swift; sourceTree = "<group>"; };
		0B8C3B292A99F9FF00488B1E /* Axis.swift */ = {isa = PBXFileReference; lastKnownFileType = sourcecode.swift; path = Axis.swift; sourceTree = "<group>"; };
		0B8C3B2B2A99FC9600488B1E /* Axes.swift */ = {isa = PBXFileReference; lastKnownFileType = sourcecode.swift; path = Axes.swift; sourceTree = "<group>"; };
		0B96B7422E8AD39B0007E730 /* RecordingBigChartView.swift */ = {isa = PBXFileReference; lastKnownFileType = sourcecode.swift; path = RecordingBigChartView.swift; sourceTree = "<group>"; };
		0B96B7442E8AD3D10007E730 /* RecordingChartContainerView.swift */ = {isa = PBXFileReference; lastKnownFileType = sourcecode.swift; path = RecordingChartContainerView.swift; sourceTree = "<group>"; };
		0B96B7462E8AD49E0007E730 /* RecordingChartContent.swift */ = {isa = PBXFileReference; lastKnownFileType = sourcecode.swift; path = RecordingChartContent.swift; sourceTree = "<group>"; };
		0B9BDC122899A6F900842161 /* Array.swift */ = {isa = PBXFileReference; lastKnownFileType = sourcecode.swift; path = Array.swift; sourceTree = "<group>"; };
		0B9FB1522E8F365B00D70505 /* PreviewUtils.swift */ = {isa = PBXFileReference; lastKnownFileType = sourcecode.swift; path = PreviewUtils.swift; sourceTree = "<group>"; };
		0B9FB1542E8F52CA00D70505 /* DebugSamplesView.swift */ = {isa = PBXFileReference; lastKnownFileType = sourcecode.swift; path = DebugSamplesView.swift; sourceTree = "<group>"; };
		0B9FB1562E8F653300D70505 /* ExportModifier.swift */ = {isa = PBXFileReference; lastKnownFileType = sourcecode.swift; path = ExportModifier.swift; sourceTree = "<group>"; };
		0BA5B7BB2AD319AC004F1808 /* AttitudeAxesSummaryView.swift */ = {isa = PBXFileReference; lastKnownFileType = sourcecode.swift; path = AttitudeAxesSummaryView.swift; sourceTree = "<group>"; };
		0BA619CE2AADC9E7005DABD3 /* ObservableAxesTests.swift */ = {isa = PBXFileReference; lastKnownFileType = sourcecode.swift; path = ObservableAxesTests.swift; sourceTree = "<group>"; };
		0BA63B6B289598B40040B63D /* NewRecordingView.swift */ = {isa = PBXFileReference; lastKnownFileType = sourcecode.swift; path = NewRecordingView.swift; sourceTree = "<group>"; };
		0BA63B6D2897EDD80040B63D /* DateFormatter.swift */ = {isa = PBXFileReference; lastKnownFileType = sourcecode.swift; path = DateFormatter.swift; sourceTree = "<group>"; };
		0BA63B6F2897EFED0040B63D /* Date.swift */ = {isa = PBXFileReference; lastKnownFileType = sourcecode.swift; path = Date.swift; sourceTree = "<group>"; };
		0BA63B712897FBCE0040B63D /* RecordingPreview.swift */ = {isa = PBXFileReference; lastKnownFileType = sourcecode.swift; path = RecordingPreview.swift; sourceTree = "<group>"; };
		0BADCA5C2899ED5C00238A25 /* TextFile.swift */ = {isa = PBXFileReference; lastKnownFileType = sourcecode.swift; path = TextFile.swift; sourceTree = "<group>"; };
		0BBAD4AC2895564C00251262 /* RecordingSummaryView.swift */ = {isa = PBXFileReference; lastKnownFileType = sourcecode.swift; path = RecordingSummaryView.swift; sourceTree = "<group>"; };
		0BBAD4AE2895715400251262 /* CGFloat.swift */ = {isa = PBXFileReference; lastKnownFileType = sourcecode.swift; path = CGFloat.swift; sourceTree = "<group>"; };
		0BBDC4DF288C188400CE6061 /* AxeType.swift */ = {isa = PBXFileReference; lastKnownFileType = sourcecode.swift; path = AxeType.swift; sourceTree = "<group>"; };
		0BBF0917289D163300B42740 /* RecordingEntryRealm.swift */ = {isa = PBXFileReference; lastKnownFileType = sourcecode.swift; path = RecordingEntryRealm.swift; sourceTree = "<group>"; };
		0BBF54A92AD1F9CF0095B63F /* MagnitudeAxesSummaryView.swift */ = {isa = PBXFileReference; lastKnownFileType = sourcecode.swift; path = MagnitudeAxesSummaryView.swift; sourceTree = "<group>"; };
		0BBF54AB2AD1FE690095B63F /* AnyAxesSummaryView.swift */ = {isa = PBXFileReference; lastKnownFileType = sourcecode.swift; path = AnyAxesSummaryView.swift; sourceTree = "<group>"; };
		0BC7C1992AADF269004ECD9F /* AttitudeAxes.swift */ = {isa = PBXFileReference; lastKnownFileType = sourcecode.swift; path = AttitudeAxes.swift; sourceTree = "<group>"; };
		0BCE8EC52864896300A0E3E0 /* TriangleDiagramShape.swift */ = {isa = PBXFileReference; lastKnownFileType = sourcecode.swift; path = TriangleDiagramShape.swift; sourceTree = "<group>"; };
		0BDB67DB2AC9AC6200FA5C09 /* RecordingUtils.swift */ = {isa = PBXFileReference; lastKnownFileType = sourcecode.swift; path = RecordingUtils.swift; sourceTree = "<group>"; };
		0BDBDAE92B825CAC0045A008 /* BooleanAxes.swift */ = {isa = PBXFileReference; lastKnownFileType = sourcecode.swift; path = BooleanAxes.swift; sourceTree = "<group>"; };
		0BDBDAEB2B825F910045A008 /* Bool.swift */ = {isa = PBXFileReference; lastKnownFileType = sourcecode.swift; path = Bool.swift; sourceTree = "<group>"; };
		0BDBDAED2B8264880045A008 /* BooleanAxesSummaryView.swift */ = {isa = PBXFileReference; lastKnownFileType = sourcecode.swift; path = BooleanAxesSummaryView.swift; sourceTree = "<group>"; };
		0BDED2D728983A4D00CAEAC3 /* DateComponents.swift */ = {isa = PBXFileReference; lastKnownFileType = sourcecode.swift; path = DateComponents.swift; sourceTree = "<group>"; };
		0BE138ED2893FFA10026D0DC /* RecordingsView.swift */ = {isa = PBXFileReference; lastKnownFileType = sourcecode.swift; path = RecordingsView.swift; sourceTree = "<group>"; };
		0BE138F1289400E70026D0DC /* Recording.swift */ = {isa = PBXFileReference; lastKnownFileType = sourcecode.swift; path = Recording.swift; sourceTree = "<group>"; };
		0BE138F3289401210026D0DC /* MeasurementType.swift */ = {isa = PBXFileReference; lastKnownFileType = sourcecode.swift; path = MeasurementType.swift; sourceTree = "<group>"; };
		0BE138F5289409820026D0DC /* Recorder.swift */ = {isa = PBXFileReference; lastKnownFileType = sourcecode.swift; path = Recorder.swift; sourceTree = "<group>"; };
		0BF7A0B12AD29D6F005E75CC /* AxesSummaryValueView.swift */ = {isa = PBXFileReference; lastKnownFileType = sourcecode.swift; path = AxesSummaryValueView.swift; sourceTree = "<group>"; };
		0BFBA1E728737CC300529B50 /* ObservableAxes.swift */ = {isa = PBXFileReference; lastKnownFileType = sourcecode.swift; path = ObservableAxes.swift; sourceTree = "<group>"; };
		2DC3CA045DE222EC16645242 /* Pods-Accelerometer.debug.xcconfig */ = {isa = PBXFileReference; includeInIndex = 1; lastKnownFileType = text.xcconfig; name = "Pods-Accelerometer.debug.xcconfig"; path = "Target Support Files/Pods-Accelerometer/Pods-Accelerometer.debug.xcconfig"; sourceTree = "<group>"; };
		2E4289AB188D4F412B2A210D /* Pods-AccelerometerTests.release.xcconfig */ = {isa = PBXFileReference; includeInIndex = 1; lastKnownFileType = text.xcconfig; name = "Pods-AccelerometerTests.release.xcconfig"; path = "Target Support Files/Pods-AccelerometerTests/Pods-AccelerometerTests.release.xcconfig"; sourceTree = "<group>"; };
		344CA45AF8CA88499E0AC0EE /* Pods-Accelerometer-AccelerometerUITests.release.xcconfig */ = {isa = PBXFileReference; includeInIndex = 1; lastKnownFileType = text.xcconfig; name = "Pods-Accelerometer-AccelerometerUITests.release.xcconfig"; path = "Target Support Files/Pods-Accelerometer-AccelerometerUITests/Pods-Accelerometer-AccelerometerUITests.release.xcconfig"; sourceTree = "<group>"; };
		58D1941BEB77F79AC9EA829F /* Pods_AccelerometerTests.framework */ = {isa = PBXFileReference; explicitFileType = wrapper.framework; includeInIndex = 0; path = Pods_AccelerometerTests.framework; sourceTree = BUILT_PRODUCTS_DIR; };
		8CB40BA633249887FD78581D /* Pods_Accelerometer.framework */ = {isa = PBXFileReference; explicitFileType = wrapper.framework; includeInIndex = 0; path = Pods_Accelerometer.framework; sourceTree = BUILT_PRODUCTS_DIR; };
		8F438B6FD5FC69485F45338B /* Pods_Accelerometer_AccelerometerUITests.framework */ = {isa = PBXFileReference; explicitFileType = wrapper.framework; includeInIndex = 0; path = Pods_Accelerometer_AccelerometerUITests.framework; sourceTree = BUILT_PRODUCTS_DIR; };
		E32915EE18B68D953705CF6F /* Pods-AccelerometerTests.debug.xcconfig */ = {isa = PBXFileReference; includeInIndex = 1; lastKnownFileType = text.xcconfig; name = "Pods-AccelerometerTests.debug.xcconfig"; path = "Target Support Files/Pods-AccelerometerTests/Pods-AccelerometerTests.debug.xcconfig"; sourceTree = "<group>"; };
		F19B6AE7963902430EF65D74 /* Pods-Accelerometer-AccelerometerUITests.debug.xcconfig */ = {isa = PBXFileReference; includeInIndex = 1; lastKnownFileType = text.xcconfig; name = "Pods-Accelerometer-AccelerometerUITests.debug.xcconfig"; path = "Target Support Files/Pods-Accelerometer-AccelerometerUITests/Pods-Accelerometer-AccelerometerUITests.debug.xcconfig"; sourceTree = "<group>"; };
		FA128F40F3D3C26694904DE5 /* Pods-Accelerometer.release.xcconfig */ = {isa = PBXFileReference; includeInIndex = 1; lastKnownFileType = text.xcconfig; name = "Pods-Accelerometer.release.xcconfig"; path = "Target Support Files/Pods-Accelerometer/Pods-Accelerometer.release.xcconfig"; sourceTree = "<group>"; };
/* End PBXFileReference section */

/* Begin PBXFrameworksBuildPhase section */
		0B24EC0128621BBE00AD3EF1 /* Frameworks */ = {
			isa = PBXFrameworksBuildPhase;
			buildActionMask = 2147483647;
			files = (
				A844F53C6B72222DA87BA782 /* Pods_Accelerometer.framework in Frameworks */,
				0B96B73F2E8A91510007E730 /* DequeModule in Frameworks */,
			);
			runOnlyForDeploymentPostprocessing = 0;
		};
		0B24EC1128621BC200AD3EF1 /* Frameworks */ = {
			isa = PBXFrameworksBuildPhase;
			buildActionMask = 2147483647;
			files = (
				0152C57173B5A7117F4F15D8 /* Pods_AccelerometerTests.framework in Frameworks */,
			);
			runOnlyForDeploymentPostprocessing = 0;
		};
		0B24EC1B28621BC200AD3EF1 /* Frameworks */ = {
			isa = PBXFrameworksBuildPhase;
			buildActionMask = 2147483647;
			files = (
				AF6328562287AF3E3894C7A5 /* Pods_Accelerometer_AccelerometerUITests.framework in Frameworks */,
			);
			runOnlyForDeploymentPostprocessing = 0;
		};
/* End PBXFrameworksBuildPhase section */

/* Begin PBXGroup section */
		0B041D792E8F3096007BBFCF /* Charts */ = {
			isa = PBXGroup;
			children = (
				0B45FF952D8EC357009F5CDF /* RecordingSmallChartView.swift */,
				0B96B7422E8AD39B0007E730 /* RecordingBigChartView.swift */,
				0B96B7442E8AD3D10007E730 /* RecordingChartContainerView.swift */,
				0B96B7462E8AD49E0007E730 /* RecordingChartContent.swift */,
			);
			path = Charts;
			sourceTree = "<group>";
		};
		0B24EBFB28621BBE00AD3EF1 = {
			isa = PBXGroup;
			children = (
				0B24EC0628621BBE00AD3EF1 /* Accelerometer */,
				0B24EC1728621BC200AD3EF1 /* AccelerometerTests */,
				0B24EC0528621BBE00AD3EF1 /* Products */,
				6B8F26DDC621B9F11656F8E6 /* Pods */,
				58BB923964926E2A11838DD2 /* Frameworks */,
			);
			sourceTree = "<group>";
		};
		0B24EC0528621BBE00AD3EF1 /* Products */ = {
			isa = PBXGroup;
			children = (
				0B24EC0428621BBE00AD3EF1 /* Acc.elerometer.app */,
				0B24EC1428621BC200AD3EF1 /* AccelerometerTests.xctest */,
				0B24EC1E28621BC200AD3EF1 /* AccelerometerUITests.xctest */,
			);
			name = Products;
			sourceTree = "<group>";
		};
		0B24EC0628621BBE00AD3EF1 /* Accelerometer */ = {
			isa = PBXGroup;
			children = (
				0B24EC0728621BBE00AD3EF1 /* AccelerometerApp.swift */,
				0B24EC3328621E1C00AD3EF1 /* AppDelegate.swift */,
				0B24EC0928621BBE00AD3EF1 /* ContentView.swift */,
				0B24EC3B28622B7900AD3EF1 /* Measurements */,
				0BE138EC2893FF8A0026D0DC /* Recordings */,
				0B24EC3C2862327E00AD3EF1 /* Settings */,
				0B508CD4289C3D9300326C6E /* Database */,
				0B24EC3F28623C0E00AD3EF1 /* Extensions */,
				0B6DD8CD2B816BCB0076D93A /* Protocols */,
				0B801284286DA9A000F4AA85 /* Other */,
				0B24EC0B28621BC200AD3EF1 /* Assets.xcassets */,
				0B24EC0D28621BC200AD3EF1 /* Preview Content */,
				0BADCA5C2899ED5C00238A25 /* TextFile.swift */,
			);
			path = Accelerometer;
			sourceTree = "<group>";
		};
		0B24EC0D28621BC200AD3EF1 /* Preview Content */ = {
			isa = PBXGroup;
			children = (
				0B24EC0E28621BC200AD3EF1 /* Preview Assets.xcassets */,
			);
			path = "Preview Content";
			sourceTree = "<group>";
		};
		0B24EC1728621BC200AD3EF1 /* AccelerometerTests */ = {
			isa = PBXGroup;
			children = (
				0BA619CE2AADC9E7005DABD3 /* ObservableAxesTests.swift */,
			);
			path = AccelerometerTests;
			sourceTree = "<group>";
		};
		0B24EC3B28622B7900AD3EF1 /* Measurements */ = {
			isa = PBXGroup;
			children = (
				0B24EC3128621BE000AD3EF1 /* Measurer.swift */,
				0BE138F3289401210026D0DC /* MeasurementType.swift */,
				0B24EC3728622AB700AD3EF1 /* MeasurementsView.swift */,
				0B548E192876ED5000EDCDA8 /* MeasurementPreview.swift */,
				0B24EC552863464900AD3EF1 /* MeasurementSummaryView.swift */,
				0B8C3B282A99F99800488B1E /* Values */,
				0B24EC532863457100AD3EF1 /* Axes */,
			);
			path = Measurements;
			sourceTree = "<group>";
		};
		0B24EC3C2862327E00AD3EF1 /* Settings */ = {
			isa = PBXGroup;
			children = (
				0B36DFC9289A9E85007130D9 /* Settings.swift */,
				0B24EC3928622B7100AD3EF1 /* SettingsView.swift */,
				0B24EC3D286232A900AD3EF1 /* RefreshRateView.swift */,
				0B36DFCB289AA096007130D9 /* ExportDateFormatView.swift */,
				0B4BE8522D74BB2F0065D938 /* AnimationsView.swift */,
				0B7A815F2E816FE900399013 /* AlwaysNotEnoughMemoryView.swift */,
				0B9FB1542E8F52CA00D70505 /* DebugSamplesView.swift */,
			);
			path = Settings;
			sourceTree = "<group>";
		};
		0B24EC3F28623C0E00AD3EF1 /* Extensions */ = {
			isa = PBXGroup;
			children = (
				0B24EC4028623C1B00AD3EF1 /* Double.swift */,
				0B24EC44286247AD00AD3EF1 /* String.swift */,
				0B24EC4D2862898F00AD3EF1 /* View.swift */,
				0B24EC4F28628B9900AD3EF1 /* Color.swift */,
				0B1E6D2228724B2B003B8C5B /* Collection.swift */,
				0BBAD4AE2895715400251262 /* CGFloat.swift */,
				0BA63B6D2897EDD80040B63D /* DateFormatter.swift */,
				0BA63B6F2897EFED0040B63D /* Date.swift */,
				0BDED2D728983A4D00CAEAC3 /* DateComponents.swift */,
				0B9BDC122899A6F900842161 /* Array.swift */,
				0BDBDAEB2B825F910045A008 /* Bool.swift */,
			);
			path = Extensions;
			sourceTree = "<group>";
		};
		0B24EC532863457100AD3EF1 /* Axes */ = {
			isa = PBXGroup;
			children = (
				0BFBA1E728737CC300529B50 /* ObservableAxes.swift */,
				0B34710C288C5491004E87FA /* AxesSummaryView.swift */,
				0BBF54AB2AD1FE690095B63F /* AnyAxesSummaryView.swift */,
				0BA5B7BB2AD319AC004F1808 /* AttitudeAxesSummaryView.swift */,
				0BBF54A92AD1F9CF0095B63F /* MagnitudeAxesSummaryView.swift */,
				0BDBDAED2B8264880045A008 /* BooleanAxesSummaryView.swift */,
				0BF7A0B12AD29D6F005E75CC /* AxesSummaryValueView.swift */,
				0B38C322288DC56D00A4541A /* AxesSummaryViewExtended.swift */,
				0B548E172876E7AE00EDCDA8 /* Diagram */,
				0B548E182876E7D800EDCDA8 /* Table */,
			);
			path = Axes;
			sourceTree = "<group>";
		};
		0B508CD4289C3D9300326C6E /* Database */ = {
			isa = PBXGroup;
			children = (
				0B508CD5289C3E4A00326C6E /* DatabaseManager.swift */,
			);
			path = Database;
			sourceTree = "<group>";
		};
		0B508CD9289C7EEB00326C6E /* Database */ = {
			isa = PBXGroup;
			children = (
				0B508CDA289C7F0200326C6E /* RecordingsRepository.swift */,
				0B508CD7289C413700326C6E /* RecordingRealm.swift */,
				0BBF0917289D163300B42740 /* RecordingEntryRealm.swift */,
			);
			path = Database;
			sourceTree = "<group>";
		};
		0B548E172876E7AE00EDCDA8 /* Diagram */ = {
			isa = PBXGroup;
			children = (
				0B24EC572863527800AD3EF1 /* DiagramView.swift */,
				0BCE8EC52864896300A0E3E0 /* TriangleDiagramShape.swift */,
				0B4CC362287C30FF000F0C94 /* DiagramAxesNamesStyle.swift */,
				0B4CC364287C31AB000F0C94 /* DiagramViewStyle.swift */,
			);
			path = Diagram;
			sourceTree = "<group>";
		};
		0B548E182876E7D800EDCDA8 /* Table */ = {
			isa = PBXGroup;
			children = (
				0B24EC462862496C00AD3EF1 /* LevelView.swift */,
				0B24EC4B2862690800AD3EF1 /* HeaderView.swift */,
				0B24EC35286227A100AD3EF1 /* AxesTableView.swift */,
			);
			path = Table;
			sourceTree = "<group>";
		};
		0B6DD8CD2B816BCB0076D93A /* Protocols */ = {
			isa = PBXGroup;
			children = (
				0B6DD8CE2B816BED0076D93A /* ChartEntry.swift */,
			);
			path = Protocols;
			sourceTree = "<group>";
		};
		0B801284286DA9A000F4AA85 /* Other */ = {
			isa = PBXGroup;
			children = (
				0B801285286DA9C000F4AA85 /* AnimatableArray.swift */,
				0B1845532E7DCB90004F5474 /* MemoryMonitor.swift */,
				0B9FB1522E8F365B00D70505 /* PreviewUtils.swift */,
			);
			path = Other;
			sourceTree = "<group>";
		};
		0B8C3B282A99F99800488B1E /* Values */ = {
			isa = PBXGroup;
			children = (
				0B8C3B292A99F9FF00488B1E /* Axis.swift */,
				0B8C3B2B2A99FC9600488B1E /* Axes.swift */,
				0BBDC4DF288C188400CE6061 /* AxeType.swift */,
				0B05EB5D2A9A1523005497F6 /* MagnitudeAxes.swift */,
				0B05EB5F2A9A1CFB005497F6 /* TriangleAxes.swift */,
				0BC7C1992AADF269004ECD9F /* AttitudeAxes.swift */,
				0BDBDAE92B825CAC0045A008 /* BooleanAxes.swift */,
			);
			path = Values;
			sourceTree = "<group>";
		};
		0BE138EC2893FF8A0026D0DC /* Recordings */ = {
			isa = PBXGroup;
			children = (
				0B041D792E8F3096007BBFCF /* Charts */,
				0B508CD9289C7EEB00326C6E /* Database */,
				0BE138F5289409820026D0DC /* Recorder.swift */,
				0BE138F1289400E70026D0DC /* Recording.swift */,
				0B1845502E7DA052004F5474 /* RecordingProcessor.swift */,
				0BDB67DB2AC9AC6200FA5C09 /* RecordingUtils.swift */,
				0BE138ED2893FFA10026D0DC /* RecordingsView.swift */,
				0BA63B712897FBCE0040B63D /* RecordingPreview.swift */,
				0BBAD4AC2895564C00251262 /* RecordingSummaryView.swift */,
				0BA63B6B289598B40040B63D /* NewRecordingView.swift */,
				0B9FB1562E8F653300D70505 /* ExportModifier.swift */,
			);
			path = Recordings;
			sourceTree = "<group>";
		};
		58BB923964926E2A11838DD2 /* Frameworks */ = {
			isa = PBXGroup;
			children = (
				8CB40BA633249887FD78581D /* Pods_Accelerometer.framework */,
				8F438B6FD5FC69485F45338B /* Pods_Accelerometer_AccelerometerUITests.framework */,
				58D1941BEB77F79AC9EA829F /* Pods_AccelerometerTests.framework */,
			);
			name = Frameworks;
			sourceTree = "<group>";
		};
		6B8F26DDC621B9F11656F8E6 /* Pods */ = {
			isa = PBXGroup;
			children = (
				2DC3CA045DE222EC16645242 /* Pods-Accelerometer.debug.xcconfig */,
				FA128F40F3D3C26694904DE5 /* Pods-Accelerometer.release.xcconfig */,
				F19B6AE7963902430EF65D74 /* Pods-Accelerometer-AccelerometerUITests.debug.xcconfig */,
				344CA45AF8CA88499E0AC0EE /* Pods-Accelerometer-AccelerometerUITests.release.xcconfig */,
				E32915EE18B68D953705CF6F /* Pods-AccelerometerTests.debug.xcconfig */,
				2E4289AB188D4F412B2A210D /* Pods-AccelerometerTests.release.xcconfig */,
			);
			path = Pods;
			sourceTree = "<group>";
		};
/* End PBXGroup section */

/* Begin PBXNativeTarget section */
		0B24EC0328621BBE00AD3EF1 /* Accelerometer */ = {
			isa = PBXNativeTarget;
			buildConfigurationList = 0B24EC2828621BC200AD3EF1 /* Build configuration list for PBXNativeTarget "Accelerometer" */;
			buildPhases = (
				BB8E5B66245BEEEF9FE8F652 /* [CP] Check Pods Manifest.lock */,
				0B24EC0028621BBE00AD3EF1 /* Sources */,
				0B24EC0128621BBE00AD3EF1 /* Frameworks */,
				0B24EC0228621BBE00AD3EF1 /* Resources */,
				E0C84390A7AFCABAF144D8E5 /* [CP] Embed Pods Frameworks */,
			);
			buildRules = (
			);
			dependencies = (
			);
			name = Accelerometer;
			packageProductDependencies = (
				0B96B73E2E8A91510007E730 /* DequeModule */,
			);
			productName = Accelerometer;
			productReference = 0B24EC0428621BBE00AD3EF1 /* Acc.elerometer.app */;
			productType = "com.apple.product-type.application";
		};
		0B24EC1328621BC200AD3EF1 /* AccelerometerTests */ = {
			isa = PBXNativeTarget;
			buildConfigurationList = 0B24EC2B28621BC200AD3EF1 /* Build configuration list for PBXNativeTarget "AccelerometerTests" */;
			buildPhases = (
				4FD011DA0DAF8BEF3F500FA7 /* [CP] Check Pods Manifest.lock */,
				0B24EC1028621BC200AD3EF1 /* Sources */,
				0B24EC1128621BC200AD3EF1 /* Frameworks */,
				0B24EC1228621BC200AD3EF1 /* Resources */,
			);
			buildRules = (
			);
			dependencies = (
				0B24EC1628621BC200AD3EF1 /* PBXTargetDependency */,
			);
			name = AccelerometerTests;
			productName = AccelerometerTests;
			productReference = 0B24EC1428621BC200AD3EF1 /* AccelerometerTests.xctest */;
			productType = "com.apple.product-type.bundle.unit-test";
		};
		0B24EC1D28621BC200AD3EF1 /* AccelerometerUITests */ = {
			isa = PBXNativeTarget;
			buildConfigurationList = 0B24EC2E28621BC200AD3EF1 /* Build configuration list for PBXNativeTarget "AccelerometerUITests" */;
			buildPhases = (
				D2C39C825594033552CCBBA0 /* [CP] Check Pods Manifest.lock */,
				0B24EC1A28621BC200AD3EF1 /* Sources */,
				0B24EC1B28621BC200AD3EF1 /* Frameworks */,
				0B24EC1C28621BC200AD3EF1 /* Resources */,
				E0EEC770EE0B21A2979D1FC6 /* [CP] Embed Pods Frameworks */,
			);
			buildRules = (
			);
			dependencies = (
				0B24EC2028621BC200AD3EF1 /* PBXTargetDependency */,
			);
			name = AccelerometerUITests;
			productName = AccelerometerUITests;
			productReference = 0B24EC1E28621BC200AD3EF1 /* AccelerometerUITests.xctest */;
			productType = "com.apple.product-type.bundle.ui-testing";
		};
/* End PBXNativeTarget section */

/* Begin PBXProject section */
		0B24EBFC28621BBE00AD3EF1 /* Project object */ = {
			isa = PBXProject;
			attributes = {
				BuildIndependentTargetsInParallel = 1;
				LastSwiftUpdateCheck = 1330;
				LastUpgradeCheck = 1330;
				TargetAttributes = {
					0B24EC0328621BBE00AD3EF1 = {
						CreatedOnToolsVersion = 13.3.1;
					};
					0B24EC1328621BC200AD3EF1 = {
						CreatedOnToolsVersion = 13.3.1;
						TestTargetID = 0B24EC0328621BBE00AD3EF1;
					};
					0B24EC1D28621BC200AD3EF1 = {
						CreatedOnToolsVersion = 13.3.1;
						TestTargetID = 0B24EC0328621BBE00AD3EF1;
					};
				};
			};
			buildConfigurationList = 0B24EBFF28621BBE00AD3EF1 /* Build configuration list for PBXProject "Accelerometer" */;
			compatibilityVersion = "Xcode 13.0";
			developmentRegion = en;
			hasScannedForEncodings = 0;
			knownRegions = (
				en,
				Base,
			);
			mainGroup = 0B24EBFB28621BBE00AD3EF1;
			packageReferences = (
				0B96B73D2E8A91510007E730 /* XCRemoteSwiftPackageReference "swift-collections" */,
			);
			productRefGroup = 0B24EC0528621BBE00AD3EF1 /* Products */;
			projectDirPath = "";
			projectRoot = "";
			targets = (
				0B24EC0328621BBE00AD3EF1 /* Accelerometer */,
				0B24EC1328621BC200AD3EF1 /* AccelerometerTests */,
				0B24EC1D28621BC200AD3EF1 /* AccelerometerUITests */,
			);
		};
/* End PBXProject section */

/* Begin PBXResourcesBuildPhase section */
		0B24EC0228621BBE00AD3EF1 /* Resources */ = {
			isa = PBXResourcesBuildPhase;
			buildActionMask = 2147483647;
			files = (
				0B24EC0F28621BC200AD3EF1 /* Preview Assets.xcassets in Resources */,
				0B24EC0C28621BC200AD3EF1 /* Assets.xcassets in Resources */,
			);
			runOnlyForDeploymentPostprocessing = 0;
		};
		0B24EC1228621BC200AD3EF1 /* Resources */ = {
			isa = PBXResourcesBuildPhase;
			buildActionMask = 2147483647;
			files = (
			);
			runOnlyForDeploymentPostprocessing = 0;
		};
		0B24EC1C28621BC200AD3EF1 /* Resources */ = {
			isa = PBXResourcesBuildPhase;
			buildActionMask = 2147483647;
			files = (
			);
			runOnlyForDeploymentPostprocessing = 0;
		};
/* End PBXResourcesBuildPhase section */

/* Begin PBXShellScriptBuildPhase section */
		4FD011DA0DAF8BEF3F500FA7 /* [CP] Check Pods Manifest.lock */ = {
			isa = PBXShellScriptBuildPhase;
			buildActionMask = 2147483647;
			files = (
			);
			inputFileListPaths = (
			);
			inputPaths = (
				"${PODS_PODFILE_DIR_PATH}/Podfile.lock",
				"${PODS_ROOT}/Manifest.lock",
			);
			name = "[CP] Check Pods Manifest.lock";
			outputFileListPaths = (
			);
			outputPaths = (
				"$(DERIVED_FILE_DIR)/Pods-AccelerometerTests-checkManifestLockResult.txt",
			);
			runOnlyForDeploymentPostprocessing = 0;
			shellPath = /bin/sh;
			shellScript = "diff \"${PODS_PODFILE_DIR_PATH}/Podfile.lock\" \"${PODS_ROOT}/Manifest.lock\" > /dev/null\nif [ $? != 0 ] ; then\n    # print error to STDERR\n    echo \"error: The sandbox is not in sync with the Podfile.lock. Run 'pod install' or update your CocoaPods installation.\" >&2\n    exit 1\nfi\n# This output is used by Xcode 'outputs' to avoid re-running this script phase.\necho \"SUCCESS\" > \"${SCRIPT_OUTPUT_FILE_0}\"\n";
			showEnvVarsInLog = 0;
		};
		BB8E5B66245BEEEF9FE8F652 /* [CP] Check Pods Manifest.lock */ = {
			isa = PBXShellScriptBuildPhase;
			buildActionMask = 2147483647;
			files = (
			);
			inputFileListPaths = (
			);
			inputPaths = (
				"${PODS_PODFILE_DIR_PATH}/Podfile.lock",
				"${PODS_ROOT}/Manifest.lock",
			);
			name = "[CP] Check Pods Manifest.lock";
			outputFileListPaths = (
			);
			outputPaths = (
				"$(DERIVED_FILE_DIR)/Pods-Accelerometer-checkManifestLockResult.txt",
			);
			runOnlyForDeploymentPostprocessing = 0;
			shellPath = /bin/sh;
			shellScript = "diff \"${PODS_PODFILE_DIR_PATH}/Podfile.lock\" \"${PODS_ROOT}/Manifest.lock\" > /dev/null\nif [ $? != 0 ] ; then\n    # print error to STDERR\n    echo \"error: The sandbox is not in sync with the Podfile.lock. Run 'pod install' or update your CocoaPods installation.\" >&2\n    exit 1\nfi\n# This output is used by Xcode 'outputs' to avoid re-running this script phase.\necho \"SUCCESS\" > \"${SCRIPT_OUTPUT_FILE_0}\"\n";
			showEnvVarsInLog = 0;
		};
		D2C39C825594033552CCBBA0 /* [CP] Check Pods Manifest.lock */ = {
			isa = PBXShellScriptBuildPhase;
			buildActionMask = 2147483647;
			files = (
			);
			inputFileListPaths = (
			);
			inputPaths = (
				"${PODS_PODFILE_DIR_PATH}/Podfile.lock",
				"${PODS_ROOT}/Manifest.lock",
			);
			name = "[CP] Check Pods Manifest.lock";
			outputFileListPaths = (
			);
			outputPaths = (
				"$(DERIVED_FILE_DIR)/Pods-Accelerometer-AccelerometerUITests-checkManifestLockResult.txt",
			);
			runOnlyForDeploymentPostprocessing = 0;
			shellPath = /bin/sh;
			shellScript = "diff \"${PODS_PODFILE_DIR_PATH}/Podfile.lock\" \"${PODS_ROOT}/Manifest.lock\" > /dev/null\nif [ $? != 0 ] ; then\n    # print error to STDERR\n    echo \"error: The sandbox is not in sync with the Podfile.lock. Run 'pod install' or update your CocoaPods installation.\" >&2\n    exit 1\nfi\n# This output is used by Xcode 'outputs' to avoid re-running this script phase.\necho \"SUCCESS\" > \"${SCRIPT_OUTPUT_FILE_0}\"\n";
			showEnvVarsInLog = 0;
		};
		E0C84390A7AFCABAF144D8E5 /* [CP] Embed Pods Frameworks */ = {
			isa = PBXShellScriptBuildPhase;
			buildActionMask = 2147483647;
			files = (
			);
			inputFileListPaths = (
				"${PODS_ROOT}/Target Support Files/Pods-Accelerometer/Pods-Accelerometer-frameworks-${CONFIGURATION}-input-files.xcfilelist",
			);
			inputPaths = (
			);
			name = "[CP] Embed Pods Frameworks";
			outputFileListPaths = (
				"${PODS_ROOT}/Target Support Files/Pods-Accelerometer/Pods-Accelerometer-frameworks-${CONFIGURATION}-output-files.xcfilelist",
			);
			outputPaths = (
			);
			runOnlyForDeploymentPostprocessing = 0;
			shellPath = /bin/sh;
			shellScript = "\"${PODS_ROOT}/Target Support Files/Pods-Accelerometer/Pods-Accelerometer-frameworks.sh\"\n";
			showEnvVarsInLog = 0;
		};
		E0EEC770EE0B21A2979D1FC6 /* [CP] Embed Pods Frameworks */ = {
			isa = PBXShellScriptBuildPhase;
			buildActionMask = 2147483647;
			files = (
			);
			inputFileListPaths = (
				"${PODS_ROOT}/Target Support Files/Pods-Accelerometer-AccelerometerUITests/Pods-Accelerometer-AccelerometerUITests-frameworks-${CONFIGURATION}-input-files.xcfilelist",
			);
			inputPaths = (
			);
			name = "[CP] Embed Pods Frameworks";
			outputFileListPaths = (
				"${PODS_ROOT}/Target Support Files/Pods-Accelerometer-AccelerometerUITests/Pods-Accelerometer-AccelerometerUITests-frameworks-${CONFIGURATION}-output-files.xcfilelist",
			);
			outputPaths = (
			);
			runOnlyForDeploymentPostprocessing = 0;
			shellPath = /bin/sh;
			shellScript = "\"${PODS_ROOT}/Target Support Files/Pods-Accelerometer-AccelerometerUITests/Pods-Accelerometer-AccelerometerUITests-frameworks.sh\"\n";
			showEnvVarsInLog = 0;
		};
/* End PBXShellScriptBuildPhase section */

/* Begin PBXSourcesBuildPhase section */
		0B24EC0028621BBE00AD3EF1 /* Sources */ = {
			isa = PBXSourcesBuildPhase;
			buildActionMask = 2147483647;
			files = (
				0B1845542E7DCB90004F5474 /* MemoryMonitor.swift in Sources */,
				0B24EC472862496C00AD3EF1 /* LevelView.swift in Sources */,
				0BDB67DC2AC9AC6200FA5C09 /* RecordingUtils.swift in Sources */,
				0B24EC45286247AD00AD3EF1 /* String.swift in Sources */,
				0B9FB1552E8F52CA00D70505 /* DebugSamplesView.swift in Sources */,
				0BDED2D828983A4D00CAEAC3 /* DateComponents.swift in Sources */,
				0B24EC3A28622B7100AD3EF1 /* SettingsView.swift in Sources */,
				0B36DFCA289A9E85007130D9 /* Settings.swift in Sources */,
				0BA5B7BC2AD319AC004F1808 /* AttitudeAxesSummaryView.swift in Sources */,
				0B24EC3428621E1C00AD3EF1 /* AppDelegate.swift in Sources */,
				0B45FF962D8EC361009F5CDF /* RecordingSmallChartView.swift in Sources */,
				0B548E1A2876ED5000EDCDA8 /* MeasurementPreview.swift in Sources */,
				0BA63B6C289598B40040B63D /* NewRecordingView.swift in Sources */,
				0BCE8EC62864896300A0E3E0 /* TriangleDiagramShape.swift in Sources */,
				0B24EC582863527800AD3EF1 /* DiagramView.swift in Sources */,
				0BA63B6E2897EDD80040B63D /* DateFormatter.swift in Sources */,
				0B96B7452E8AD3D20007E730 /* RecordingChartContainerView.swift in Sources */,
				0BDBDAEE2B8264880045A008 /* BooleanAxesSummaryView.swift in Sources */,
				0B9FB1532E8F365B00D70505 /* PreviewUtils.swift in Sources */,
				0BDBDAEA2B825CAC0045A008 /* BooleanAxes.swift in Sources */,
				0BF7A0B22AD29D6F005E75CC /* AxesSummaryValueView.swift in Sources */,
				0B24EC3828622AB700AD3EF1 /* MeasurementsView.swift in Sources */,
				0B8C3B2C2A99FC9600488B1E /* Axes.swift in Sources */,
				0B801286286DA9C000F4AA85 /* AnimatableArray.swift in Sources */,
				0BE138F4289401210026D0DC /* MeasurementType.swift in Sources */,
				0B7A81602E816FE900399013 /* AlwaysNotEnoughMemoryView.swift in Sources */,
				0B4BE8532D74BB420065D938 /* AnimationsView.swift in Sources */,
				0BDBDAEC2B825F910045A008 /* Bool.swift in Sources */,
				0B9BDC132899A6F900842161 /* Array.swift in Sources */,
				0B8C3B2A2A99F9FF00488B1E /* Axis.swift in Sources */,
				0B508CDB289C7F0200326C6E /* RecordingsRepository.swift in Sources */,
				0B24EC0A28621BBE00AD3EF1 /* ContentView.swift in Sources */,
				0B24EC562863464900AD3EF1 /* MeasurementSummaryView.swift in Sources */,
				0B1E6D2328724B2B003B8C5B /* Collection.swift in Sources */,
				0B24EC36286227A100AD3EF1 /* AxesTableView.swift in Sources */,
				0B24EC5028628B9900AD3EF1 /* Color.swift in Sources */,
				0B36DFCC289AA096007130D9 /* ExportDateFormatView.swift in Sources */,
				0BADCA5D2899ED5C00238A25 /* TextFile.swift in Sources */,
				0B24EC0828621BBE00AD3EF1 /* AccelerometerApp.swift in Sources */,
				0B24EC3E286232A900AD3EF1 /* RefreshRateView.swift in Sources */,
				0B6DD8CF2B816BED0076D93A /* ChartEntry.swift in Sources */,
				0BBDC4E0288C188400CE6061 /* AxeType.swift in Sources */,
				0B05EB602A9A1CFB005497F6 /* TriangleAxes.swift in Sources */,
				0BE138F2289400E70026D0DC /* Recording.swift in Sources */,
				0BBF54AC2AD1FE690095B63F /* AnyAxesSummaryView.swift in Sources */,
				0B34710D288C5491004E87FA /* AxesSummaryView.swift in Sources */,
				0B508CD8289C413700326C6E /* RecordingRealm.swift in Sources */,
				0BBF54AA2AD1F9CF0095B63F /* MagnitudeAxesSummaryView.swift in Sources */,
				0BC7C19A2AADF269004ECD9F /* AttitudeAxes.swift in Sources */,
				0B24EC4128623C1B00AD3EF1 /* Double.swift in Sources */,
				0B96B7432E8AD39C0007E730 /* RecordingBigChartView.swift in Sources */,
				0B508CD6289C3E4A00326C6E /* DatabaseManager.swift in Sources */,
				0B4CC365287C31AB000F0C94 /* DiagramViewStyle.swift in Sources */,
				0B4CC363287C30FF000F0C94 /* DiagramAxesNamesStyle.swift in Sources */,
				0BBF0918289D163300B42740 /* RecordingEntryRealm.swift in Sources */,
				0B38C323288DC56D00A4541A /* AxesSummaryViewExtended.swift in Sources */,
				0B9FB1572E8F653300D70505 /* ExportModifier.swift in Sources */,
				0BFBA1E828737CC300529B50 /* ObservableAxes.swift in Sources */,
				0B24EC3228621BE000AD3EF1 /* Measurer.swift in Sources */,
				0B96B7472E8AD49F0007E730 /* RecordingChartContent.swift in Sources */,
				0BBAD4AF2895715400251262 /* CGFloat.swift in Sources */,
				0B24EC4E2862898F00AD3EF1 /* View.swift in Sources */,
				0BBAD4AD2895564C00251262 /* RecordingSummaryView.swift in Sources */,
				0BE138EE2893FFA10026D0DC /* RecordingsView.swift in Sources */,
				0B1845512E7DA059004F5474 /* RecordingProcessor.swift in Sources */,
				0BA63B702897EFED0040B63D /* Date.swift in Sources */,
				0B24EC4C2862690800AD3EF1 /* HeaderView.swift in Sources */,
				0BA63B722897FBCE0040B63D /* RecordingPreview.swift in Sources */,
				0BE138F6289409820026D0DC /* Recorder.swift in Sources */,
				0B05EB5E2A9A1523005497F6 /* MagnitudeAxes.swift in Sources */,
			);
			runOnlyForDeploymentPostprocessing = 0;
		};
		0B24EC1028621BC200AD3EF1 /* Sources */ = {
			isa = PBXSourcesBuildPhase;
			buildActionMask = 2147483647;
			files = (
				0BA619CF2AADC9E7005DABD3 /* ObservableAxesTests.swift in Sources */,
			);
			runOnlyForDeploymentPostprocessing = 0;
		};
		0B24EC1A28621BC200AD3EF1 /* Sources */ = {
			isa = PBXSourcesBuildPhase;
			buildActionMask = 2147483647;
			files = (
			);
			runOnlyForDeploymentPostprocessing = 0;
		};
/* End PBXSourcesBuildPhase section */

/* Begin PBXTargetDependency section */
		0B24EC1628621BC200AD3EF1 /* PBXTargetDependency */ = {
			isa = PBXTargetDependency;
			target = 0B24EC0328621BBE00AD3EF1 /* Accelerometer */;
			targetProxy = 0B24EC1528621BC200AD3EF1 /* PBXContainerItemProxy */;
		};
		0B24EC2028621BC200AD3EF1 /* PBXTargetDependency */ = {
			isa = PBXTargetDependency;
			target = 0B24EC0328621BBE00AD3EF1 /* Accelerometer */;
			targetProxy = 0B24EC1F28621BC200AD3EF1 /* PBXContainerItemProxy */;
		};
/* End PBXTargetDependency section */

/* Begin XCBuildConfiguration section */
		0B24EC2628621BC200AD3EF1 /* Debug */ = {
			isa = XCBuildConfiguration;
			buildSettings = {
				ALWAYS_SEARCH_USER_PATHS = NO;
				CLANG_ANALYZER_NONNULL = YES;
				CLANG_ANALYZER_NUMBER_OBJECT_CONVERSION = YES_AGGRESSIVE;
				CLANG_CXX_LANGUAGE_STANDARD = "gnu++17";
				CLANG_ENABLE_MODULES = YES;
				CLANG_ENABLE_OBJC_ARC = YES;
				CLANG_ENABLE_OBJC_WEAK = YES;
				CLANG_WARN_BLOCK_CAPTURE_AUTORELEASING = YES;
				CLANG_WARN_BOOL_CONVERSION = YES;
				CLANG_WARN_COMMA = YES;
				CLANG_WARN_CONSTANT_CONVERSION = YES;
				CLANG_WARN_DEPRECATED_OBJC_IMPLEMENTATIONS = YES;
				CLANG_WARN_DIRECT_OBJC_ISA_USAGE = YES_ERROR;
				CLANG_WARN_DOCUMENTATION_COMMENTS = YES;
				CLANG_WARN_EMPTY_BODY = YES;
				CLANG_WARN_ENUM_CONVERSION = YES;
				CLANG_WARN_INFINITE_RECURSION = YES;
				CLANG_WARN_INT_CONVERSION = YES;
				CLANG_WARN_NON_LITERAL_NULL_CONVERSION = YES;
				CLANG_WARN_OBJC_IMPLICIT_RETAIN_SELF = YES;
				CLANG_WARN_OBJC_LITERAL_CONVERSION = YES;
				CLANG_WARN_OBJC_ROOT_CLASS = YES_ERROR;
				CLANG_WARN_QUOTED_INCLUDE_IN_FRAMEWORK_HEADER = YES;
				CLANG_WARN_RANGE_LOOP_ANALYSIS = YES;
				CLANG_WARN_STRICT_PROTOTYPES = YES;
				CLANG_WARN_SUSPICIOUS_MOVE = YES;
				CLANG_WARN_UNGUARDED_AVAILABILITY = YES_AGGRESSIVE;
				CLANG_WARN_UNREACHABLE_CODE = YES;
				CLANG_WARN__DUPLICATE_METHOD_MATCH = YES;
				COPY_PHASE_STRIP = NO;
				DEBUG_INFORMATION_FORMAT = dwarf;
				ENABLE_STRICT_OBJC_MSGSEND = YES;
				ENABLE_TESTABILITY = YES;
				GCC_C_LANGUAGE_STANDARD = gnu11;
				GCC_DYNAMIC_NO_PIC = NO;
				GCC_NO_COMMON_BLOCKS = YES;
				GCC_OPTIMIZATION_LEVEL = 0;
				GCC_PREPROCESSOR_DEFINITIONS = (
					"DEBUG=1",
					"$(inherited)",
				);
				GCC_WARN_64_TO_32_BIT_CONVERSION = YES;
				GCC_WARN_ABOUT_RETURN_TYPE = YES_ERROR;
				GCC_WARN_UNDECLARED_SELECTOR = YES;
				GCC_WARN_UNINITIALIZED_AUTOS = YES_AGGRESSIVE;
				GCC_WARN_UNUSED_FUNCTION = YES;
				GCC_WARN_UNUSED_VARIABLE = YES;
				IPHONEOS_DEPLOYMENT_TARGET = 26.0;
				MTL_ENABLE_DEBUG_INFO = INCLUDE_SOURCE;
				MTL_FAST_MATH = YES;
				ONLY_ACTIVE_ARCH = YES;
				SDKROOT = iphoneos;
				SWIFT_ACTIVE_COMPILATION_CONDITIONS = DEBUG;
				SWIFT_OPTIMIZATION_LEVEL = "-Onone";
			};
			name = Debug;
		};
		0B24EC2728621BC200AD3EF1 /* Release */ = {
			isa = XCBuildConfiguration;
			buildSettings = {
				ALWAYS_SEARCH_USER_PATHS = NO;
				CLANG_ANALYZER_NONNULL = YES;
				CLANG_ANALYZER_NUMBER_OBJECT_CONVERSION = YES_AGGRESSIVE;
				CLANG_CXX_LANGUAGE_STANDARD = "gnu++17";
				CLANG_ENABLE_MODULES = YES;
				CLANG_ENABLE_OBJC_ARC = YES;
				CLANG_ENABLE_OBJC_WEAK = YES;
				CLANG_WARN_BLOCK_CAPTURE_AUTORELEASING = YES;
				CLANG_WARN_BOOL_CONVERSION = YES;
				CLANG_WARN_COMMA = YES;
				CLANG_WARN_CONSTANT_CONVERSION = YES;
				CLANG_WARN_DEPRECATED_OBJC_IMPLEMENTATIONS = YES;
				CLANG_WARN_DIRECT_OBJC_ISA_USAGE = YES_ERROR;
				CLANG_WARN_DOCUMENTATION_COMMENTS = YES;
				CLANG_WARN_EMPTY_BODY = YES;
				CLANG_WARN_ENUM_CONVERSION = YES;
				CLANG_WARN_INFINITE_RECURSION = YES;
				CLANG_WARN_INT_CONVERSION = YES;
				CLANG_WARN_NON_LITERAL_NULL_CONVERSION = YES;
				CLANG_WARN_OBJC_IMPLICIT_RETAIN_SELF = YES;
				CLANG_WARN_OBJC_LITERAL_CONVERSION = YES;
				CLANG_WARN_OBJC_ROOT_CLASS = YES_ERROR;
				CLANG_WARN_QUOTED_INCLUDE_IN_FRAMEWORK_HEADER = YES;
				CLANG_WARN_RANGE_LOOP_ANALYSIS = YES;
				CLANG_WARN_STRICT_PROTOTYPES = YES;
				CLANG_WARN_SUSPICIOUS_MOVE = YES;
				CLANG_WARN_UNGUARDED_AVAILABILITY = YES_AGGRESSIVE;
				CLANG_WARN_UNREACHABLE_CODE = YES;
				CLANG_WARN__DUPLICATE_METHOD_MATCH = YES;
				COPY_PHASE_STRIP = NO;
				DEBUG_INFORMATION_FORMAT = "dwarf-with-dsym";
				ENABLE_NS_ASSERTIONS = NO;
				ENABLE_STRICT_OBJC_MSGSEND = YES;
				GCC_C_LANGUAGE_STANDARD = gnu11;
				GCC_NO_COMMON_BLOCKS = YES;
				GCC_WARN_64_TO_32_BIT_CONVERSION = YES;
				GCC_WARN_ABOUT_RETURN_TYPE = YES_ERROR;
				GCC_WARN_UNDECLARED_SELECTOR = YES;
				GCC_WARN_UNINITIALIZED_AUTOS = YES_AGGRESSIVE;
				GCC_WARN_UNUSED_FUNCTION = YES;
				GCC_WARN_UNUSED_VARIABLE = YES;
				IPHONEOS_DEPLOYMENT_TARGET = 26.0;
				MTL_ENABLE_DEBUG_INFO = NO;
				MTL_FAST_MATH = YES;
				SDKROOT = iphoneos;
				SWIFT_COMPILATION_MODE = wholemodule;
				SWIFT_OPTIMIZATION_LEVEL = "-O";
				VALIDATE_PRODUCT = YES;
			};
			name = Release;
		};
		0B24EC2928621BC200AD3EF1 /* Debug */ = {
			isa = XCBuildConfiguration;
			baseConfigurationReference = 2DC3CA045DE222EC16645242 /* Pods-Accelerometer.debug.xcconfig */;
			buildSettings = {
				ASSETCATALOG_COMPILER_APPICON_NAME = AppIcon;
				ASSETCATALOG_COMPILER_GLOBAL_ACCENT_COLOR_NAME = AccentColor;
				CODE_SIGN_STYLE = Automatic;
				CURRENT_PROJECT_VERSION = 1;
				DEVELOPMENT_ASSET_PATHS = "\"Accelerometer/Preview Content\"";
				DEVELOPMENT_TEAM = 3HG9ZBM8AV;
				ENABLE_PREVIEWS = YES;
				GENERATE_INFOPLIST_FILE = YES;
				INFOPLIST_KEY_CFBundleDisplayName = Acc.elerometer;
				INFOPLIST_KEY_LSApplicationCategoryType = "public.app-category.utilities";
				INFOPLIST_KEY_UIApplicationSceneManifest_Generation = YES;
				INFOPLIST_KEY_UIApplicationSupportsIndirectInputEvents = YES;
				INFOPLIST_KEY_UILaunchScreen_Generation = YES;
				INFOPLIST_KEY_UISupportedInterfaceOrientations = "UIInterfaceOrientationPortrait UIInterfaceOrientationPortraitUpsideDown UIInterfaceOrientationLandscapeLeft UIInterfaceOrientationLandscapeRight";
				INFOPLIST_KEY_UISupportedInterfaceOrientations_iPad = "UIInterfaceOrientationPortrait UIInterfaceOrientationLandscapeLeft UIInterfaceOrientationLandscapeRight UIInterfaceOrientationPortraitUpsideDown";
				INFOPLIST_KEY_UISupportedInterfaceOrientations_iPhone = "UIInterfaceOrientationPortrait UIInterfaceOrientationLandscapeLeft UIInterfaceOrientationLandscapeRight UIInterfaceOrientationPortraitUpsideDown";
				IPHONEOS_DEPLOYMENT_TARGET = 26.0;
				LD_RUNPATH_SEARCH_PATHS = (
					"$(inherited)",
					"@executable_path/Frameworks",
				);
				MARKETING_VERSION = 0.2.0;
				PRODUCT_BUNDLE_IDENTIFIER = com.panandafog.Accelerometer;
				PRODUCT_NAME = Acc.elerometer;
				SWIFT_EMIT_LOC_STRINGS = YES;
				SWIFT_VERSION = 6.0;
				TARGETED_DEVICE_FAMILY = "1,2";
			};
			name = Debug;
		};
		0B24EC2A28621BC200AD3EF1 /* Release */ = {
			isa = XCBuildConfiguration;
			baseConfigurationReference = FA128F40F3D3C26694904DE5 /* Pods-Accelerometer.release.xcconfig */;
			buildSettings = {
				ASSETCATALOG_COMPILER_APPICON_NAME = AppIcon;
				ASSETCATALOG_COMPILER_GLOBAL_ACCENT_COLOR_NAME = AccentColor;
				CODE_SIGN_STYLE = Automatic;
				CURRENT_PROJECT_VERSION = 1;
				DEVELOPMENT_ASSET_PATHS = "\"Accelerometer/Preview Content\"";
				DEVELOPMENT_TEAM = 3HG9ZBM8AV;
				ENABLE_PREVIEWS = YES;
				GENERATE_INFOPLIST_FILE = YES;
				INFOPLIST_KEY_CFBundleDisplayName = Acc.elerometer;
				INFOPLIST_KEY_LSApplicationCategoryType = "public.app-category.utilities";
				INFOPLIST_KEY_UIApplicationSceneManifest_Generation = YES;
				INFOPLIST_KEY_UIApplicationSupportsIndirectInputEvents = YES;
				INFOPLIST_KEY_UILaunchScreen_Generation = YES;
				INFOPLIST_KEY_UISupportedInterfaceOrientations = "UIInterfaceOrientationPortrait UIInterfaceOrientationPortraitUpsideDown UIInterfaceOrientationLandscapeLeft UIInterfaceOrientationLandscapeRight";
				INFOPLIST_KEY_UISupportedInterfaceOrientations_iPad = "UIInterfaceOrientationPortrait UIInterfaceOrientationLandscapeLeft UIInterfaceOrientationLandscapeRight UIInterfaceOrientationPortraitUpsideDown";
				INFOPLIST_KEY_UISupportedInterfaceOrientations_iPhone = "UIInterfaceOrientationPortrait UIInterfaceOrientationLandscapeLeft UIInterfaceOrientationLandscapeRight UIInterfaceOrientationPortraitUpsideDown";
				IPHONEOS_DEPLOYMENT_TARGET = 26.0;
				LD_RUNPATH_SEARCH_PATHS = (
					"$(inherited)",
					"@executable_path/Frameworks",
				);
				MARKETING_VERSION = 0.2.0;
				PRODUCT_BUNDLE_IDENTIFIER = com.panandafog.Accelerometer;
				PRODUCT_NAME = Acc.elerometer;
				SWIFT_EMIT_LOC_STRINGS = YES;
				SWIFT_VERSION = 6.0;
				TARGETED_DEVICE_FAMILY = "1,2";
			};
			name = Release;
		};
		0B24EC2C28621BC200AD3EF1 /* Debug */ = {
			isa = XCBuildConfiguration;
			baseConfigurationReference = E32915EE18B68D953705CF6F /* Pods-AccelerometerTests.debug.xcconfig */;
			buildSettings = {
				ALWAYS_EMBED_SWIFT_STANDARD_LIBRARIES = YES;
				BUNDLE_LOADER = "$(TEST_HOST)";
				CODE_SIGN_STYLE = Automatic;
				CURRENT_PROJECT_VERSION = 1;
				DEVELOPMENT_TEAM = 3HG9ZBM8AV;
				GENERATE_INFOPLIST_FILE = YES;
				IPHONEOS_DEPLOYMENT_TARGET = 14.0;
				MARKETING_VERSION = 1.0;
				PRODUCT_BUNDLE_IDENTIFIER = com.panandafog.AccelerometerTests;
				PRODUCT_NAME = "$(TARGET_NAME)";
				SWIFT_EMIT_LOC_STRINGS = NO;
				SWIFT_VERSION = 6.0;
				TARGETED_DEVICE_FAMILY = "1,2";
				TEST_HOST = "$(BUILT_PRODUCTS_DIR)/Acc.elerometer.app/$(BUNDLE_EXECUTABLE_FOLDER_PATH)/Acc.elerometer";
			};
			name = Debug;
		};
		0B24EC2D28621BC200AD3EF1 /* Release */ = {
			isa = XCBuildConfiguration;
			baseConfigurationReference = 2E4289AB188D4F412B2A210D /* Pods-AccelerometerTests.release.xcconfig */;
			buildSettings = {
				ALWAYS_EMBED_SWIFT_STANDARD_LIBRARIES = YES;
				BUNDLE_LOADER = "$(TEST_HOST)";
				CODE_SIGN_STYLE = Automatic;
				CURRENT_PROJECT_VERSION = 1;
				DEVELOPMENT_TEAM = 3HG9ZBM8AV;
				GENERATE_INFOPLIST_FILE = YES;
				IPHONEOS_DEPLOYMENT_TARGET = 14.0;
				MARKETING_VERSION = 1.0;
				PRODUCT_BUNDLE_IDENTIFIER = com.panandafog.AccelerometerTests;
				PRODUCT_NAME = "$(TARGET_NAME)";
				SWIFT_EMIT_LOC_STRINGS = NO;
				SWIFT_VERSION = 6.0;
				TARGETED_DEVICE_FAMILY = "1,2";
				TEST_HOST = "$(BUILT_PRODUCTS_DIR)/Acc.elerometer.app/$(BUNDLE_EXECUTABLE_FOLDER_PATH)/Acc.elerometer";
			};
			name = Release;
		};
		0B24EC2F28621BC200AD3EF1 /* Debug */ = {
			isa = XCBuildConfiguration;
			baseConfigurationReference = F19B6AE7963902430EF65D74 /* Pods-Accelerometer-AccelerometerUITests.debug.xcconfig */;
			buildSettings = {
				ALWAYS_EMBED_SWIFT_STANDARD_LIBRARIES = YES;
				CODE_SIGN_STYLE = Automatic;
				CURRENT_PROJECT_VERSION = 1;
				DEVELOPMENT_TEAM = 3HG9ZBM8AV;
				GENERATE_INFOPLIST_FILE = YES;
				MARKETING_VERSION = 1.0;
				PRODUCT_BUNDLE_IDENTIFIER = com.panandafog.AccelerometerUITests;
				PRODUCT_NAME = "$(TARGET_NAME)";
				SWIFT_EMIT_LOC_STRINGS = NO;
				SWIFT_VERSION = 6.0;
				TARGETED_DEVICE_FAMILY = "1,2";
				TEST_TARGET_NAME = Accelerometer;
			};
			name = Debug;
		};
		0B24EC3028621BC200AD3EF1 /* Release */ = {
			isa = XCBuildConfiguration;
			baseConfigurationReference = 344CA45AF8CA88499E0AC0EE /* Pods-Accelerometer-AccelerometerUITests.release.xcconfig */;
			buildSettings = {
				ALWAYS_EMBED_SWIFT_STANDARD_LIBRARIES = YES;
				CODE_SIGN_STYLE = Automatic;
				CURRENT_PROJECT_VERSION = 1;
				DEVELOPMENT_TEAM = 3HG9ZBM8AV;
				GENERATE_INFOPLIST_FILE = YES;
				MARKETING_VERSION = 1.0;
				PRODUCT_BUNDLE_IDENTIFIER = com.panandafog.AccelerometerUITests;
				PRODUCT_NAME = "$(TARGET_NAME)";
				SWIFT_EMIT_LOC_STRINGS = NO;
				SWIFT_VERSION = 6.0;
				TARGETED_DEVICE_FAMILY = "1,2";
				TEST_TARGET_NAME = Accelerometer;
			};
			name = Release;
		};
/* End XCBuildConfiguration section */

/* Begin XCConfigurationList section */
		0B24EBFF28621BBE00AD3EF1 /* Build configuration list for PBXProject "Accelerometer" */ = {
			isa = XCConfigurationList;
			buildConfigurations = (
				0B24EC2628621BC200AD3EF1 /* Debug */,
				0B24EC2728621BC200AD3EF1 /* Release */,
			);
			defaultConfigurationIsVisible = 0;
			defaultConfigurationName = Release;
		};
		0B24EC2828621BC200AD3EF1 /* Build configuration list for PBXNativeTarget "Accelerometer" */ = {
			isa = XCConfigurationList;
			buildConfigurations = (
				0B24EC2928621BC200AD3EF1 /* Debug */,
				0B24EC2A28621BC200AD3EF1 /* Release */,
			);
			defaultConfigurationIsVisible = 0;
			defaultConfigurationName = Release;
		};
		0B24EC2B28621BC200AD3EF1 /* Build configuration list for PBXNativeTarget "AccelerometerTests" */ = {
			isa = XCConfigurationList;
			buildConfigurations = (
				0B24EC2C28621BC200AD3EF1 /* Debug */,
				0B24EC2D28621BC200AD3EF1 /* Release */,
			);
			defaultConfigurationIsVisible = 0;
			defaultConfigurationName = Release;
		};
		0B24EC2E28621BC200AD3EF1 /* Build configuration list for PBXNativeTarget "AccelerometerUITests" */ = {
			isa = XCConfigurationList;
			buildConfigurations = (
				0B24EC2F28621BC200AD3EF1 /* Debug */,
				0B24EC3028621BC200AD3EF1 /* Release */,
			);
			defaultConfigurationIsVisible = 0;
			defaultConfigurationName = Release;
		};
/* End XCConfigurationList section */

/* Begin XCRemoteSwiftPackageReference section */
		0B96B73D2E8A91510007E730 /* XCRemoteSwiftPackageReference "swift-collections" */ = {
			isa = XCRemoteSwiftPackageReference;
			repositoryURL = "https://github.com/apple/swift-collections.git";
			requirement = {
				kind = upToNextMajorVersion;
				minimumVersion = 1.2.1;
			};
		};
/* End XCRemoteSwiftPackageReference section */

/* Begin XCSwiftPackageProductDependency section */
		0B96B73E2E8A91510007E730 /* DequeModule */ = {
			isa = XCSwiftPackageProductDependency;
			package = 0B96B73D2E8A91510007E730 /* XCRemoteSwiftPackageReference "swift-collections" */;
			productName = DequeModule;
		};
/* End XCSwiftPackageProductDependency section */
	};
	rootObject = 0B24EBFC28621BBE00AD3EF1 /* Project object */;
}
